{
  "name": "liquid-root",
  "version": "unspecified",
  "lockfileVersion": 3,
  "requires": true,
  "packages": {
    "": {
      "name": "liquid-root",
      "version": "unspecified",
      "workspaces": [
        "packages/liquid-root-liquid",
        "packages/liquid-root-liquid-test",
        "packages_imported/skiko-wasm-js/0.9.37-3",
        "packages_imported/skiko-js-wasm-runtime/0.9.37-3"
      ],
      "devDependencies": {}
    },
    "node_modules/liquid-root-liquid": {
      "resolved": "packages/liquid-root-liquid",
      "link": true
    },
    "node_modules/liquid-root-liquid-test": {
      "resolved": "packages/liquid-root-liquid-test",
      "link": true
    },
    "node_modules/skiko-js-wasm-runtime": {
      "resolved": "packages_imported/skiko-js-wasm-runtime/0.9.37-3",
      "link": true
    },
    "node_modules/skiko-wasm-js": {
      "resolved": "packages_imported/skiko-wasm-js/0.9.37-3",
      "link": true
    },
    "packages_imported/skiko-js-wasm-runtime/0.9.37-3": {
      "name": "skiko-js-wasm-runtime",
      "version": "0.9.37-3",
      "devDependencies": {}
    },
    "packages_imported/skiko-wasm-js/0.9.37-3": {
      "name": "skiko-wasm-js",
      "version": "0.9.37-3",
      "devDependencies": {}
    },
    "packages/liquid-root-liquid": {
      "version": "0.0.0-unspecified",
      "devDependencies": {}
    },
    "packages/liquid-root-liquid-test": {
      "version": "0.0.0-unspecified",
      "devDependencies": {}
    }
  }
}
