{
  "name": "liquid-root",
  "version": "unspecified",
  "lockfileVersion": 3,
  "requires": true,
  "packages": {
    "": {
      "name": "liquid-root",
      "version": "unspecified",
      "workspaces": [
        "packages/liquid-root-liquid",
        "packages/liquid-root-liquid-test",
        "packages/liquid-root-core-testing",
        "packages/liquid-root-core-testing-test",
        "packages/liquid-root-samples-shared",
        "packages/liquid-root-samples-shared-test",
        "packages/liquid-root-samples-web",
        "packages/liquid-root-samples-web-test",
        "packages_imported/skiko-wasm-js/0.9.37-4",
        "packages_imported/skiko-js-wasm-runtime/0.9.37-4",
        "packages_imported/Kotlin-DateTime-library-kotlinx-datetime-wasm-js/0.7.1",
        "packages_imported/coil-root-coil-compose/3.4.0",
        "packages_imported/coil-root-coil-compose-core/3.4.0",
        "packages_imported/coil-root-coil-core/3.4.0",
        "packages_imported/coil-root-coil/3.4.0",
        "packages_imported/coil-root-coil-network-ktor3/3.4.0",
        "packages_imported/ktor-ktor-client-core/3.4.0",
        "packages_imported/coil-root-coil-network-core/3.4.0"
      ],
      "devDependencies": {}
    },
    "node_modules/@js-joda/core": {
      "version": "3.2.0",
      "resolved": "https://registry.npmjs.org/@js-joda/core/-/core-3.2.0.tgz",
      "integrity": "sha512-PMqgJ0sw5B7FKb2d5bWYIoxjri+QlW/Pys7+Rw82jSH0QN3rB05jZ/VrrsUdh1w4+i2kw9JOejXGq/KhDOX7Kg==",
      "license": "BSD-3-Clause"
    },
    "node_modules/coil-root-coil": {
      "resolved": "packages_imported/coil-root-coil/3.4.0",
      "link": true
    },
    "node_modules/coil-root-coil-compose": {
      "resolved": "packages_imported/coil-root-coil-compose/3.4.0",
      "link": true
    },
    "node_modules/coil-root-coil-compose-core": {
      "resolved": "packages_imported/coil-root-coil-compose-core/3.4.0",
      "link": true
    },
    "node_modules/coil-root-coil-core": {
      "resolved": "packages_imported/coil-root-coil-core/3.4.0",
      "link": true
    },
    "node_modules/coil-root-coil-network-core": {
      "resolved": "packages_imported/coil-root-coil-network-core/3.4.0",
      "link": true
    },
    "node_modules/coil-root-coil-network-ktor3": {
      "resolved": "packages_imported/coil-root-coil-network-ktor3/3.4.0",
      "link": true
    },
    "node_modules/Kotlin-DateTime-library-kotlinx-datetime-wasm-js": {
      "resolved": "packages_imported/Kotlin-DateTime-library-kotlinx-datetime-wasm-js/0.7.1",
      "link": true
    },
    "node_modules/ktor-ktor-client-core": {
      "resolved": "packages_imported/ktor-ktor-client-core/3.4.0",
      "link": true
    },
    "node_modules/liquid-root-core-testing": {
      "resolved": "packages/liquid-root-core-testing",
      "link": true
    },
    "node_modules/liquid-root-core-testing-test": {
      "resolved": "packages/liquid-root-core-testing-test",
      "link": true
    },
    "node_modules/liquid-root-liquid": {
      "resolved": "packages/liquid-root-liquid",
      "link": true
    },
    "node_modules/liquid-root-liquid-test": {
      "resolved": "packages/liquid-root-liquid-test",
      "link": true
    },
    "node_modules/liquid-root-samples-shared": {
      "resolved": "packages/liquid-root-samples-shared",
      "link": true
    },
    "node_modules/liquid-root-samples-shared-test": {
      "resolved": "packages/liquid-root-samples-shared-test",
      "link": true
    },
    "node_modules/liquid-root-samples-web": {
      "resolved": "packages/liquid-root-samples-web",
      "link": true
    },
    "node_modules/liquid-root-samples-web-test": {
      "resolved": "packages/liquid-root-samples-web-test",
      "link": true
    },
    "node_modules/skiko-js-wasm-runtime": {
      "resolved": "packages_imported/skiko-js-wasm-runtime/0.9.37-4",
      "link": true
    },
    "node_modules/skiko-wasm-js": {
      "resolved": "packages_imported/skiko-wasm-js/0.9.37-4",
      "link": true
    },
    "node_modules/ws": {
      "version": "8.18.3",
      "resolved": "https://registry.npmjs.org/ws/-/ws-8.18.3.tgz",
      "integrity": "sha512-PEIGCY5tSlUt50cqyMXfCzX+oOPqN0vuGqWzbcJ2xvnkzkq46oOpz7dQaTDBdfICb4N14+GARUDw2XV2N4tvzg==",
      "license": "MIT",
      "engines": {
        "node": ">=10.0.0"
      },
      "peerDependencies": {
        "bufferutil": "^4.0.1",
        "utf-8-validate": ">=5.0.2"
      },
      "peerDependenciesMeta": {
        "bufferutil": {
          "optional": true
        },
        "utf-8-validate": {
          "optional": true
        }
      }
    },
    "packages_imported/coil-core-wasm-js/3.3.0": {
      "name": "coil-core-wasm-js",
      "version": "3.3.0",
      "extraneous": true,
      "devDependencies": {}
    },
    "packages_imported/coil-network-core-wasm-js/3.3.0": {
      "name": "coil-network-core-wasm-js",
      "version": "3.3.0",
      "extraneous": true,
      "devDependencies": {}
    },
    "packages_imported/coil-network-ktor3-wasm-js/3.3.0": {
      "name": "coil-network-ktor3-wasm-js",
      "version": "3.3.0",
      "extraneous": true,
      "devDependencies": {}
    },
    "packages_imported/coil-root-coil-compose-core/3.4.0": {
      "name": "coil-root-coil-compose-core",
      "version": "3.4.0",
      "devDependencies": {}
    },
    "packages_imported/coil-root-coil-compose/3.4.0": {
      "name": "coil-root-coil-compose",
      "version": "3.4.0",
      "devDependencies": {}
    },
    "packages_imported/coil-root-coil-core/3.4.0": {
      "name": "coil-root-coil-core",
      "version": "3.4.0",
      "devDependencies": {}
    },
    "packages_imported/coil-root-coil-network-core/3.4.0": {
      "name": "coil-root-coil-network-core",
      "version": "3.4.0",
      "devDependencies": {}
    },
    "packages_imported/coil-root-coil-network-ktor3/3.4.0": {
      "name": "coil-root-coil-network-ktor3",
      "version": "3.4.0",
      "dependencies": {
        "ws": "8.18.0"
      },
      "devDependencies": {}
    },
    "packages_imported/coil-root-coil-network-ktor3/3.4.0/node_modules/ws": {
      "version": "8.18.0",
      "resolved": "https://registry.npmjs.org/ws/-/ws-8.18.0.tgz",
      "integrity": "sha512-8VbfWfHLbbwu3+N6OKsOMpBdT4kXPDDB9cJk2bJ6mh9ucxdlnNvH1e+roYkKmN9Nxw2yjz7VzeO9oOz2zJ04Pw==",
      "license": "MIT",
      "engines": {
        "node": ">=10.0.0"
      },
      "peerDependencies": {
        "bufferutil": "^4.0.1",
        "utf-8-validate": ">=5.0.2"
      },
      "peerDependenciesMeta": {
        "bufferutil": {
          "optional": true
        },
        "utf-8-validate": {
          "optional": true
        }
      }
    },
    "packages_imported/coil-root-coil/3.4.0": {
      "name": "coil-root-coil",
      "version": "3.4.0",
      "devDependencies": {}
    },
    "packages_imported/coil-wasm-js/3.3.0": {
      "name": "coil-wasm-js",
      "version": "3.3.0",
      "extraneous": true,
      "devDependencies": {}
    },
    "packages_imported/Kotlin-DateTime-library-kotlinx-datetime-wasm-js/0.7.1": {
      "name": "Kotlin-DateTime-library-kotlinx-datetime-wasm-js",
      "version": "0.7.1",
      "dependencies": {
        "@js-joda/core": "3.2.0"
      },
      "devDependencies": {}
    },
    "packages_imported/ktor-ktor-client-core/3.4.0": {
      "name": "ktor-ktor-client-core",
      "version": "3.4.0",
      "dependencies": {
        "ws": "8.18.3"
      },
      "devDependencies": {}
    },
    "packages_imported/skiko-js-wasm-runtime/0.9.37-3": {
      "name": "skiko-js-wasm-runtime",
      "version": "0.9.37-3",
      "extraneous": true,
      "devDependencies": {}
    },
    "packages_imported/skiko-js-wasm-runtime/0.9.37-4": {
      "name": "skiko-js-wasm-runtime",
      "version": "0.9.37-4",
      "devDependencies": {}
    },
    "packages_imported/skiko-wasm-js/0.9.37-3": {
      "name": "skiko-wasm-js",
      "version": "0.9.37-3",
      "extraneous": true,
      "devDependencies": {}
    },
    "packages_imported/skiko-wasm-js/0.9.37-4": {
      "name": "skiko-wasm-js",
      "version": "0.9.37-4",
      "devDependencies": {}
    },
    "packages/liquid-root-core-testing": {
      "version": "0.0.0-unspecified",
      "devDependencies": {}
    },
    "packages/liquid-root-core-testing-test": {
      "version": "0.0.0-unspecified",
      "devDependencies": {}
    },
    "packages/liquid-root-liquid": {
      "version": "0.0.0-unspecified",
      "devDependencies": {}
    },
    "packages/liquid-root-liquid-test": {
      "version": "0.0.0-unspecified",
      "devDependencies": {}
    },
    "packages/liquid-root-samples-composeApp": {
      "version": "0.0.0-unspecified",
      "extraneous": true,
      "dependencies": {
        "@js-joda/core": "3.2.0",
        "ws": "8.18.3"
      },
      "devDependencies": {}
    },
    "packages/liquid-root-samples-composeApp-test": {
      "version": "0.0.0-unspecified",
      "extraneous": true,
      "dependencies": {
        "@js-joda/core": "3.2.0",
        "ws": "8.18.3"
      },
      "devDependencies": {}
    },
    "packages/liquid-root-samples-shared": {
      "version": "0.0.0-unspecified",
      "dependencies": {
        "@js-joda/core": "3.2.0",
        "ws": "8.18.3"
      },
      "devDependencies": {}
    },
    "packages/liquid-root-samples-shared-test": {
      "version": "0.0.0-unspecified",
      "dependencies": {
        "@js-joda/core": "3.2.0",
        "ws": "8.18.3"
      },
      "devDependencies": {}
    },
    "packages/liquid-root-samples-web": {
      "version": "0.0.0-unspecified",
      "dependencies": {
        "@js-joda/core": "3.2.0",
        "ws": "8.18.3"
      },
      "devDependencies": {}
    },
    "packages/liquid-root-samples-web-test": {
      "version": "0.0.0-unspecified",
      "dependencies": {
        "@js-joda/core": "3.2.0",
        "ws": "8.18.3"
      },
      "devDependencies": {}
    }
  }
}
